
Microsoft Visual Studio Solution File, Format Version 12.00
Project("{FAE04EC0-301F-11D3-BF4B-00C04F79EFBC}") = "workwithlinq", "workwithlinq\workwithlinq.csproj", "{312CAAA3-2AB3-4416-A43A-A62353CF3197}"
EndProject
Global
	GlobalSection(SolutionConfigurationPlatforms) = preSolution
		Debug|Any CPU = Debug|Any CPU
		Release|Any CPU = Release|Any CPU
	EndGlobalSection
	GlobalSection(ProjectConfigurationPlatforms) = postSolution
		{312CAAA3-2AB3-4416-A43A-A62353CF3197}.Debug|Any CPU.ActiveCfg = Debug|Any CPU
		{312CAAA3-2AB3-4416-A43A-A62353CF3197}.Debug|Any CPU.Build.0 = Debug|Any CPU
		{312CAAA3-2AB3-4416-A43A-A62353CF3197}.Release|Any CPU.ActiveCfg = Release|Any CPU
		{312CAAA3-2AB3-4416-A43A-A62353CF3197}.Release|Any CPU.Build.0 = Release|Any CPU
	EndGlobalSection
EndGlobal
